
Microsoft Visual Studio Solution File, Format Version 12.00
# Visual Studio 2013
VisualStudioVersion = 12.0.30501.0
MinimumVisualStudioVersion = 10.0.40219.1
Project("{FAE04EC0-301F-11D3-BF4B-00C04F79EFBC}") = "ConquerToolMethod", "ConquerToolMethod\ConquerToolMethod.csproj", "{32857413-425C-4FB1-B2DB-9FE3F1299A11}"
EndProject
Project("{FAE04EC0-301F-11D3-BF4B-00C04F79EFBC}") = "ConquerMethodTest", "ConquerMethodTest\ConquerMethodTest.csproj", "{58E21C27-A4E4-4938-A063-AAF81C701730}"
EndProject
Project("{FAE04EC0-301F-11D3-BF4B-00C04F79EFBC}") = "TestConsole", "TestConsole\TestConsole.csproj", "{62F31CEE-0C70-4E19-933B-95975A86AC3D}"
EndProject
Project("{FAE04EC0-301F-11D3-BF4B-00C04F79EFBC}") = "ConquerTool", "ConquerTool\ConquerTool.csproj", "{50D80E68-8EFD-4FD1-9778-8411D0796022}"
EndProject
Global
	GlobalSection(SolutionConfigurationPlatforms) = preSolution
		Debug|Any CPU = Debug|Any CPU
		Release|Any CPU = Release|Any CPU
	EndGlobalSection
	GlobalSection(ProjectConfigurationPlatforms) = postSolution
		{32857413-425C-4FB1-B2DB-9FE3F1299A11}.Debug|Any CPU.ActiveCfg = Debug|Any CPU
		{32857413-425C-4FB1-B2DB-9FE3F1299A11}.Debug|Any CPU.Build.0 = Debug|Any CPU
		{32857413-425C-4FB1-B2DB-9FE3F1299A11}.Release|Any CPU.ActiveCfg = Release|Any CPU
		{32857413-425C-4FB1-B2DB-9FE3F1299A11}.Release|Any CPU.Build.0 = Release|Any CPU
		{58E21C27-A4E4-4938-A063-AAF81C701730}.Debug|Any CPU.ActiveCfg = Debug|Any CPU
		{58E21C27-A4E4-4938-A063-AAF81C701730}.Debug|Any CPU.Build.0 = Debug|Any CPU
		{58E21C27-A4E4-4938-A063-AAF81C701730}.Release|Any CPU.ActiveCfg = Release|Any CPU
		{58E21C27-A4E4-4938-A063-AAF81C701730}.Release|Any CPU.Build.0 = Release|Any CPU
		{62F31CEE-0C70-4E19-933B-95975A86AC3D}.Debug|Any CPU.ActiveCfg = Debug|Any CPU
		{62F31CEE-0C70-4E19-933B-95975A86AC3D}.Debug|Any CPU.Build.0 = Debug|Any CPU
		{62F31CEE-0C70-4E19-933B-95975A86AC3D}.Release|Any CPU.ActiveCfg = Release|Any CPU
		{62F31CEE-0C70-4E19-933B-95975A86AC3D}.Release|Any CPU.Build.0 = Release|Any CPU
		{50D80E68-8EFD-4FD1-9778-8411D0796022}.Debug|Any CPU.ActiveCfg = Debug|Any CPU
		{50D80E68-8EFD-4FD1-9778-8411D0796022}.Debug|Any CPU.Build.0 = Debug|Any CPU
		{50D80E68-8EFD-4FD1-9778-8411D0796022}.Release|Any CPU.ActiveCfg = Release|Any CPU
		{50D80E68-8EFD-4FD1-9778-8411D0796022}.Release|Any CPU.Build.0 = Release|Any CPU
	EndGlobalSection
	GlobalSection(SolutionProperties) = preSolution
		HideSolutionNode = FALSE
	EndGlobalSection
EndGlobal
